
Microsoft Visual Studio Solution File, Format Version 12.00
# Visual Studio Version 16
VisualStudioVersion = 16.0.34931.43
MinimumVisualStudioVersion = 10.0.40219.1
Project("{FAE04EC0-301F-11D3-BF4B-00C04F79EFBC}") = "ScreenColor", "ScreenColor\ScreenColor.csproj", "{88735F60-F983-4514-8AF5-1854CC1944EE}"
EndProject
Global
	GlobalSection(SolutionConfigurationPlatforms) = preSolution
		Debug|Any CPU = Debug|Any CPU
		Release|Any CPU = Release|Any CPU
	EndGlobalSection
	GlobalSection(ProjectConfigurationPlatforms) = postSolution
		{88735F60-F983-4514-8AF5-1854CC1944EE}.Debug|Any CPU.ActiveCfg = Debug|Any CPU
		{88735F60-F983-4514-8AF5-1854CC1944EE}.Debug|Any CPU.Build.0 = Debug|Any CPU
		{88735F60-F983-4514-8AF5-1854CC1944EE}.Release|Any CPU.ActiveCfg = Release|Any CPU
		{88735F60-F983-4514-8AF5-1854CC1944EE}.Release|Any CPU.Build.0 = Release|Any CPU
	EndGlobalSection
	GlobalSection(SolutionProperties) = preSolution
		HideSolutionNode = FALSE
	EndGlobalSection
	GlobalSection(ExtensibilityGlobals) = postSolution
		SolutionGuid = {8E476279-8762-40FF-A1EF-E3C34D966D90}
	EndGlobalSection
EndGlobal
